// !$*UTF8*$!
{
	archiveVersion = 1;
	classes = {
	};
	objectVersion = 46;
	objects = {

/* Begin PBXBuildFile section */
		854B5C451510AE4B00EB0F98 /* UIKit.framework in Frameworks */ = {isa = PBXBuildFile; fileRef = 854B5C441510AE4B00EB0F98 /* UIKit.framework */; };
		854B5C471510AE4B00EB0F98 /* Foundation.framework in Frameworks */ = {isa = PBXBuildFile; fileRef = 854B5C461510AE4B00EB0F98 /* Foundation.framework */; };
		854B5C491510AE4B00EB0F98 /* CoreGraphics.framework in Frameworks */ = {isa = PBXBuildFile; fileRef = 854B5C481510AE4B00EB0F98 /* CoreGraphics.framework */; };
		854B5C4F1510AE4C00EB0F98 /* InfoPlist.strings in Resources */ = {isa = PBXBuildFile; fileRef = 854B5C4D1510AE4C00EB0F98 /* InfoPlist.strings */; };
		854B5C511510AE4C00EB0F98 /* main.m in Sources */ = {isa = PBXBuildFile; fileRef = 854B5C501510AE4C00EB0F98 /* main.m */; };
		854B5C551510AE4C00EB0F98 /* CYAppDelegate.m in Sources */ = {isa = PBXBuildFile; fileRef = 854B5C541510AE4C00EB0F98 /* CYAppDelegate.m */; };
		854B5C581510AE4C00EB0F98 /* CYViewController.m in Sources */ = {isa = PBXBuildFile; fileRef = 854B5C571510AE4C00EB0F98 /* CYViewController.m */; };
		854B5C5B1510AE4C00EB0F98 /* CYViewController.xib in Resources */ = {isa = PBXBuildFile; fileRef = 854B5C591510AE4C00EB0F98 /* CYViewController.xib */; };
		854B5C631510AEC800EB0F98 /* CYScrollView.m in Sources */ = {isa = PBXBuildFile; fileRef = 854B5C621510AEC800EB0F98 /* CYScrollView.m */; };
		854B5C6E1510C04200EB0F98 /* CYCardView.m in Sources */ = {isa = PBXBuildFile; fileRef = 854B5C6D1510C04200EB0F98 /* CYCardView.m */; };
/* End PBXBuildFile section */

/* Begin PBXFileReference section */
		854B5C401510AE4B00EB0F98 /* HomeAnimation.app */ = {isa = PBXFileReference; explicitFileType = wrapper.application; includeInIndex = 0; path = HomeAnimation.app; sourceTree = BUILT_PRODUCTS_DIR; };
		854B5C441510AE4B00EB0F98 /* UIKit.framework */ = {isa = PBXFileReference; lastKnownFileType = wrapper.framework; name = UIKit.framework; path = System/Library/Frameworks/UIKit.framework; sourceTree = SDKROOT; };
		854B5C461510AE4B00EB0F98 /* Foundation.framework */ = {isa = PBXFileReference; lastKnownFileType = wrapper.framework; name = Foundation.framework; path = System/Library/Frameworks/Foundation.framework; sourceTree = SDKROOT; };
		854B5C481510AE4B00EB0F98 /* CoreGraphics.framework */ = {isa = PBXFileReference; lastKnownFileType = wrapper.framework; name = CoreGraphics.framework; path = System/Library/Frameworks/CoreGraphics.framework; sourceTree = SDKROOT; };
		854B5C4C1510AE4C00EB0F98 /* HomeAnimation-Info.plist */ = {isa = PBXFileReference; lastKnownFileType = text.plist.xml; path = "HomeAnimation-Info.plist"; sourceTree = "<group>"; };
		854B5C4E1510AE4C00EB0F98 /* en */ = {isa = PBXFileReference; lastKnownFileType = text.plist.strings; name = en; path = en.lproj/InfoPlist.strings; sourceTree = "<group>"; };
		854B5C501510AE4C00EB0F98 /* main.m */ = {isa = PBXFileReference; lastKnownFileType = sourcecode.c.objc; path = main.m; sourceTree = "<group>"; };
		854B5C521510AE4C00EB0F98 /* HomeAnimation-Prefix.pch */ = {isa = PBXFileReference; lastKnownFileType = sourcecode.c.h; path = "HomeAnimation-Prefix.pch"; sourceTree = "<group>"; };
		854B5C531510AE4C00EB0F98 /* CYAppDelegate.h */ = {isa = PBXFileReference; lastKnownFileType = sourcecode.c.h; path = CYAppDelegate.h; sourceTree = "<group>"; };
		854B5C541510AE4C00EB0F98 /* CYAppDelegate.m */ = {isa = PBXFileReference; lastKnownFileType = sourcecode.c.objc; path = CYAppDelegate.m; sourceTree = "<group>"; };
		854B5C561510AE4C00EB0F98 /* CYViewController.h */ = {isa = PBXFileReference; lastKnownFileType = sourcecode.c.h; path = CYViewController.h; sourceTree = "<group>"; };
		854B5C571510AE4C00EB0F98 /* CYViewController.m */ = {isa = PBXFileReference; lastKnownFileType = sourcecode.c.objc; path = CYViewController.m; sourceTree = "<group>"; };
		854B5C5A1510AE4C00EB0F98 /* en */ = {isa = PBXFileReference; lastKnownFileType = file.xib; name = en; path = en.lproj/CYViewController.xib; sourceTree = "<group>"; };
		854B5C611510AEC800EB0F98 /* CYScrollView.h */ = {isa = PBXFileReference; fileEncoding = 4; lastKnownFileType = sourcecode.c.h; path = CYScrollView.h; sourceTree = "<group>"; };
		854B5C621510AEC800EB0F98 /* CYScrollView.m */ = {isa = PBXFileReference; fileEncoding = 4; lastKnownFileType = sourcecode.c.objc; path = CYScrollView.m; sourceTree = "<group>"; };
		854B5C641510B4FE00EB0F98 /* Config.h */ = {isa = PBXFileReference; fileEncoding = 4; lastKnownFileType = sourcecode.c.h; path = Config.h; sourceTree = "<group>"; };
		854B5C6C1510C04200EB0F98 /* CYCardView.h */ = {isa = PBXFileReference; fileEncoding = 4; lastKnownFileType = sourcecode.c.h; path = CYCardView.h; sourceTree = "<group>"; };
		854B5C6D1510C04200EB0F98 /* CYCardView.m */ = {isa = PBXFileReference; fileEncoding = 4; lastKnownFileType = sourcecode.c.objc; path = CYCardView.m; sourceTree = "<group>"; };
/* End PBXFileReference section */

/* Begin PBXFrameworksBuildPhase section */
		854B5C3D1510AE4B00EB0F98 /* Frameworks */ = {
			isa = PBXFrameworksBuildPhase;
			buildActionMask = 2147483647;
			files = (
				854B5C451510AE4B00EB0F98 /* UIKit.framework in Frameworks */,
				854B5C471510AE4B00EB0F98 /* Foundation.framework in Frameworks */,
				854B5C491510AE4B00EB0F98 /* CoreGraphics.framework in Frameworks */,
			);
			runOnlyForDeploymentPostprocessing = 0;
		};
/* End PBXFrameworksBuildPhase section */

/* Begin PBXGroup section */
		854B5C351510AE4B00EB0F98 = {
			isa = PBXGroup;
			children = (
				854B5C4A1510AE4B00EB0F98 /* HomeAnimation */,
				854B5C431510AE4B00EB0F98 /* Frameworks */,
				854B5C411510AE4B00EB0F98 /* Products */,
			);
			sourceTree = "<group>";
		};
		854B5C411510AE4B00EB0F98 /* Products */ = {
			isa = PBXGroup;
			children = (
				854B5C401510AE4B00EB0F98 /* HomeAnimation.app */,
			);
			name = Products;
			sourceTree = "<group>";
		};
		854B5C431510AE4B00EB0F98 /* Frameworks */ = {
			isa = PBXGroup;
			children = (
				854B5C441510AE4B00EB0F98 /* UIKit.framework */,
				854B5C461510AE4B00EB0F98 /* Foundation.framework */,
				854B5C481510AE4B00EB0F98 /* CoreGraphics.framework */,
			);
			name = Frameworks;
			sourceTree = "<group>";
		};
		854B5C4A1510AE4B00EB0F98 /* HomeAnimation */ = {
			isa = PBXGroup;
			children = (
				854B5C531510AE4C00EB0F98 /* CYAppDelegate.h */,
				854B5C541510AE4C00EB0F98 /* CYAppDelegate.m */,
				854B5C561510AE4C00EB0F98 /* CYViewController.h */,
				854B5C571510AE4C00EB0F98 /* CYViewController.m */,
				854B5C591510AE4C00EB0F98 /* CYViewController.xib */,
				854B5C611510AEC800EB0F98 /* CYScrollView.h */,
				854B5C621510AEC800EB0F98 /* CYScrollView.m */,
				854B5C6C1510C04200EB0F98 /* CYCardView.h */,
				854B5C6D1510C04200EB0F98 /* CYCardView.m */,
				854B5C641510B4FE00EB0F98 /* Config.h */,
				854B5C4B1510AE4C00EB0F98 /* Supporting Files */,
			);
			path = HomeAnimation;
			sourceTree = "<group>";
		};
		854B5C4B1510AE4C00EB0F98 /* Supporting Files */ = {
			isa = PBXGroup;
			children = (
				854B5C4C1510AE4C00EB0F98 /* HomeAnimation-Info.plist */,
				854B5C4D1510AE4C00EB0F98 /* InfoPlist.strings */,
				854B5C501510AE4C00EB0F98 /* main.m */,
				854B5C521510AE4C00EB0F98 /* HomeAnimation-Prefix.pch */,
			);
			name = "Supporting Files";
			sourceTree = "<group>";
		};
/* End PBXGroup section */

/* Begin PBXNativeTarget section */
		854B5C3F1510AE4B00EB0F98 /* HomeAnimation */ = {
			isa = PBXNativeTarget;
			buildConfigurationList = 854B5C5E1510AE4C00EB0F98 /* Build configuration list for PBXNativeTarget "HomeAnimation" */;
			buildPhases = (
				854B5C3C1510AE4B00EB0F98 /* Sources */,
				854B5C3D1510AE4B00EB0F98 /* Frameworks */,
				854B5C3E1510AE4B00EB0F98 /* Resources */,
			);
			buildRules = (
			);
			dependencies = (
			);
			name = HomeAnimation;
			productName = HomeAnimation;
			productReference = 854B5C401510AE4B00EB0F98 /* HomeAnimation.app */;
			productType = "com.apple.product-type.application";
		};
/* End PBXNativeTarget section */

/* Begin PBXProject section */
		854B5C371510AE4B00EB0F98 /* Project object */ = {
			isa = PBXProject;
			attributes = {
				LastUpgradeCheck = 0420;
			};
			buildConfigurationList = 854B5C3A1510AE4B00EB0F98 /* Build configuration list for PBXProject "HomeAnimation" */;
			compatibilityVersion = "Xcode 3.2";
			developmentRegion = English;
			hasScannedForEncodings = 0;
			knownRegions = (
				en,
			);
			mainGroup = 854B5C351510AE4B00EB0F98;
			productRefGroup = 854B5C411510AE4B00EB0F98 /* Products */;
			projectDirPath = "";
			projectRoot = "";
			targets = (
				854B5C3F1510AE4B00EB0F98 /* HomeAnimation */,
			);
		};
/* End PBXProject section */

/* Begin PBXResourcesBuildPhase section */
		854B5C3E1510AE4B00EB0F98 /* Resources */ = {
			isa = PBXResourcesBuildPhase;
			buildActionMask = 2147483647;
			files = (
				854B5C4F1510AE4C00EB0F98 /* InfoPlist.strings in Resources */,
				854B5C5B1510AE4C00EB0F98 /* CYViewController.xib in Resources */,
			);
			runOnlyForDeploymentPostprocessing = 0;
		};
/* End PBXResourcesBuildPhase section */

/* Begin PBXSourcesBuildPhase section */
		854B5C3C1510AE4B00EB0F98 /* Sources */ = {
			isa = PBXSourcesBuildPhase;
			buildActionMask = 2147483647;
			files = (
				854B5C511510AE4C00EB0F98 /* main.m in Sources */,
				854B5C551510AE4C00EB0F98 /* CYAppDelegate.m in Sources */,
				854B5C581510AE4C00EB0F98 /* CYViewController.m in Sources */,
				854B5C631510AEC800EB0F98 /* CYScrollView.m in Sources */,
				854B5C6E1510C04200EB0F98 /* CYCardView.m in Sources */,
			);
			runOnlyForDeploymentPostprocessing = 0;
		};
/* End PBXSourcesBuildPhase section */

/* Begin PBXVariantGroup section */
		854B5C4D1510AE4C00EB0F98 /* InfoPlist.strings */ = {
			isa = PBXVariantGroup;
			children = (
				854B5C4E1510AE4C00EB0F98 /* en */,
			);
			name = InfoPlist.strings;
			sourceTree = "<group>";
		};
		854B5C591510AE4C00EB0F98 /* CYViewController.xib */ = {
			isa = PBXVariantGroup;
			children = (
				854B5C5A1510AE4C00EB0F98 /* en */,
			);
			name = CYViewController.xib;
			sourceTree = "<group>";
		};
/* End PBXVariantGroup section */

/* Begin XCBuildConfiguration section */
		854B5C5C1510AE4C00EB0F98 /* Debug */ = {
			isa = XCBuildConfiguration;
			buildSettings = {
				ALWAYS_SEARCH_USER_PATHS = NO;
				ARCHS = "$(ARCHS_STANDARD_32_BIT)";
				"CODE_SIGN_IDENTITY[sdk=iphoneos*]" = "";
				COPY_PHASE_STRIP = NO;
				GCC_C_LANGUAGE_STANDARD = gnu99;
				GCC_DYNAMIC_NO_PIC = NO;
				GCC_OPTIMIZATION_LEVEL = 0;
				GCC_PREPROCESSOR_DEFINITIONS = (
					"DEBUG=1",
					"$(inherited)",
				);
				GCC_SYMBOLS_PRIVATE_EXTERN = NO;
				GCC_VERSION = com.apple.compilers.llvm.clang.1_0;
				GCC_WARN_ABOUT_MISSING_PROTOTYPES = YES;
				GCC_WARN_ABOUT_RETURN_TYPE = YES;
				GCC_WARN_UNUSED_VARIABLE = YES;
				IPHONEOS_DEPLOYMENT_TARGET = 4.2;
				SDKROOT = iphoneos;
			};
			name = Debug;
		};
		854B5C5D1510AE4C00EB0F98 /* Release */ = {
			isa = XCBuildConfiguration;
			buildSettings = {
				ALWAYS_SEARCH_USER_PATHS = NO;
				ARCHS = "$(ARCHS_STANDARD_32_BIT)";
				"CODE_SIGN_IDENTITY[sdk=iphoneos*]" = "";
				COPY_PHASE_STRIP = YES;
				GCC_C_LANGUAGE_STANDARD = gnu99;
				GCC_VERSION = com.apple.compilers.llvm.clang.1_0;
				GCC_WARN_ABOUT_MISSING_PROTOTYPES = YES;
				GCC_WARN_ABOUT_RETURN_TYPE = YES;
				GCC_WARN_UNUSED_VARIABLE = YES;
				IPHONEOS_DEPLOYMENT_TARGET = 4.2;
				OTHER_CFLAGS = "-DNS_BLOCK_ASSERTIONS=1";
				SDKROOT = iphoneos;
				VALIDATE_PRODUCT = YES;
			};
			name = Release;
		};
		854B5C5F1510AE4C00EB0F98 /* Debug */ = {
			isa = XCBuildConfiguration;
			buildSettings = {
				GCC_PRECOMPILE_PREFIX_HEADER = YES;
				GCC_PREFIX_HEADER = "HomeAnimation/HomeAnimation-Prefix.pch";
				INFOPLIST_FILE = "HomeAnimation/HomeAnimation-Info.plist";
				IPHONEOS_DEPLOYMENT_TARGET = 4.2;
				PRODUCT_NAME = "$(TARGET_NAME)";
				VERSION_INFO_BUILDER = "";
				WRAPPER_EXTENSION = app;
			};
			name = Debug;
		};
		854B5C601510AE4C00EB0F98 /* Release */ = {
			isa = XCBuildConfiguration;
			buildSettings = {
				GCC_PRECOMPILE_PREFIX_HEADER = YES;
				GCC_PREFIX_HEADER = "HomeAnimation/HomeAnimation-Prefix.pch";
				INFOPLIST_FILE = "HomeAnimation/HomeAnimation-Info.plist";
				IPHONEOS_DEPLOYMENT_TARGET = 4.2;
				PRODUCT_NAME = "$(TARGET_NAME)";
				VERSION_INFO_BUILDER = "";
				WRAPPER_EXTENSION = app;
			};
			name = Release;
		};
/* End XCBuildConfiguration section */

/* Begin XCConfigurationList section */
		854B5C3A1510AE4B00EB0F98 /* Build configuration list for PBXProject "HomeAnimation" */ = {
			isa = XCConfigurationList;
			buildConfigurations = (
				854B5C5C1510AE4C00EB0F98 /* Debug */,
				854B5C5D1510AE4C00EB0F98 /* Release */,
			);
			defaultConfigurationIsVisible = 0;
			defaultConfigurationName = Release;
		};
		854B5C5E1510AE4C00EB0F98 /* Build configuration list for PBXNativeTarget "HomeAnimation" */ = {
			isa = XCConfigurationList;
			buildConfigurations = (
				854B5C5F1510AE4C00EB0F98 /* Debug */,
				854B5C601510AE4C00EB0F98 /* Release */,
			);
			defaultConfigurationIsVisible = 0;
		};
/* End XCConfigurationList section */
	};
	rootObject = 854B5C371510AE4B00EB0F98 /* Project object */;
}
